
Microsoft Visual Studio Solution File, Format Version 12.00
# Visual Studio Version 17
VisualStudioVersion = 17.4.33103.184
MinimumVisualStudioVersion = 10.0.40219.1
Project("{FAE04EC0-301F-11D3-BF4B-00C04F79EFBC}") = "Apresentation", "TresCamadasProjeto\Apresentation.csproj", "{98717EB8-5E91-4372-918C-6DC8D15C2E36}"
EndProject
Project("{FAE04EC0-301F-11D3-BF4B-00C04F79EFBC}") = "DataAccess", "DataAccess\DataAccess.csproj", "{61B80979-53EF-4003-9D7F-8341CF54160A}"
EndProject
Project("{FAE04EC0-301F-11D3-BF4B-00C04F79EFBC}") = "Business", "Business\Business.csproj", "{1C454F96-20D1-4775-A499-8E7201DCCD4C}"
EndProject
Global
	GlobalSection(SolutionConfigurationPlatforms) = preSolution
		Debug|Any CPU = Debug|Any CPU
		Release|Any CPU = Release|Any CPU
	EndGlobalSection
	GlobalSection(ProjectConfigurationPlatforms) = postSolution
		{98717EB8-5E91-4372-918C-6DC8D15C2E36}.Debug|Any CPU.ActiveCfg = Debug|Any CPU
		{98717EB8-5E91-4372-918C-6DC8D15C2E36}.Debug|Any CPU.Build.0 = Debug|Any CPU
		{98717EB8-5E91-4372-918C-6DC8D15C2E36}.Release|Any CPU.ActiveCfg = Release|Any CPU
		{98717EB8-5E91-4372-918C-6DC8D15C2E36}.Release|Any CPU.Build.0 = Release|Any CPU
		{61B80979-53EF-4003-9D7F-8341CF54160A}.Debug|Any CPU.ActiveCfg = Debug|Any CPU
		{61B80979-53EF-4003-9D7F-8341CF54160A}.Debug|Any CPU.Build.0 = Debug|Any CPU
		{61B80979-53EF-4003-9D7F-8341CF54160A}.Release|Any CPU.ActiveCfg = Release|Any CPU
		{61B80979-53EF-4003-9D7F-8341CF54160A}.Release|Any CPU.Build.0 = Release|Any CPU
		{1C454F96-20D1-4775-A499-8E7201DCCD4C}.Debug|Any CPU.ActiveCfg = Debug|Any CPU
		{1C454F96-20D1-4775-A499-8E7201DCCD4C}.Debug|Any CPU.Build.0 = Debug|Any CPU
		{1C454F96-20D1-4775-A499-8E7201DCCD4C}.Release|Any CPU.ActiveCfg = Release|Any CPU
		{1C454F96-20D1-4775-A499-8E7201DCCD4C}.Release|Any CPU.Build.0 = Release|Any CPU
	EndGlobalSection
	GlobalSection(SolutionProperties) = preSolution
		HideSolutionNode = FALSE
	EndGlobalSection
	GlobalSection(ExtensibilityGlobals) = postSolution
		SolutionGuid = {1FDDD15F-156A-4F5E-804B-D60C441601AF}
	EndGlobalSection
EndGlobal
